
Microsoft Visual Studio Solution File, Format Version 12.00
# Visual Studio Version 16
VisualStudioVersion = 16.0.31005.135
MinimumVisualStudioVersion = 10.0.40219.1
Project("{FAE04EC0-301F-11D3-BF4B-00C04F79EFBC}") = "ayudamigrante-netcore", "ayudamigrante-netcore\ayudamigrante-netcore.csproj", "{DD0EA3BD-27FF-477B-BF17-BF99007910D0}"
EndProject
Global
	GlobalSection(SolutionConfigurationPlatforms) = preSolution
		Debug|Any CPU = Debug|Any CPU
		Release|Any CPU = Release|Any CPU
	EndGlobalSection
	GlobalSection(ProjectConfigurationPlatforms) = postSolution
		{DD0EA3BD-27FF-477B-BF17-BF99007910D0}.Debug|Any CPU.ActiveCfg = Debug|Any CPU
		{DD0EA3BD-27FF-477B-BF17-BF99007910D0}.Debug|Any CPU.Build.0 = Debug|Any CPU
		{DD0EA3BD-27FF-477B-BF17-BF99007910D0}.Release|Any CPU.ActiveCfg = Release|Any CPU
		{DD0EA3BD-27FF-477B-BF17-BF99007910D0}.Release|Any CPU.Build.0 = Release|Any CPU
	EndGlobalSection
	GlobalSection(SolutionProperties) = preSolution
		HideSolutionNode = FALSE
	EndGlobalSection
	GlobalSection(ExtensibilityGlobals) = postSolution
		SolutionGuid = {5AD6F0FE-2686-4D02-88EE-EBD6F8AF5998}
	EndGlobalSection
EndGlobal
